// !$*UTF8*$!
{
	archiveVersion = 1;
	classes = {
	};
	objectVersion = 50;
	objects = {

/* Begin PBXBuildFile section */
		0D93FD562233F5CA006C00F5 /* Coordinator.swift in Sources */ = {isa = PBXBuildFile; fileRef = 0D93FD552233F5CA006C00F5 /* Coordinator.swift */; };
		0D93FD592233F5FF006C00F5 /* BaseViewController.swift in Sources */ = {isa = PBXBuildFile; fileRef = 0D93FD582233F5FF006C00F5 /* BaseViewController.swift */; };
		0D93FD622233F69A006C00F5 /* RootViewController.swift in Sources */ = {isa = PBXBuildFile; fileRef = 0D93FD612233F69A006C00F5 /* RootViewController.swift */; };
		0D93FD642233F6DF006C00F5 /* RootCoordinator.swift in Sources */ = {isa = PBXBuildFile; fileRef = 0D93FD632233F6DF006C00F5 /* RootCoordinator.swift */; };
		0D93FD682233F785006C00F5 /* MainNavigationController.swift in Sources */ = {isa = PBXBuildFile; fileRef = 0D93FD672233F785006C00F5 /* MainNavigationController.swift */; };
		0D93FD6A2233F79C006C00F5 /* MainCoordinator.swift in Sources */ = {isa = PBXBuildFile; fileRef = 0D93FD692233F79C006C00F5 /* MainCoordinator.swift */; };
		0D93FD6C2233F7D3006C00F5 /* BaseNavigationController.swift in Sources */ = {isa = PBXBuildFile; fileRef = 0D93FD6B2233F7D3006C00F5 /* BaseNavigationController.swift */; };
		0D93FD702233FA94006C00F5 /* NetworkClient.swift in Sources */ = {isa = PBXBuildFile; fileRef = 0D93FD6F2233FA94006C00F5 /* NetworkClient.swift */; };
		0D93FD762233FAFF006C00F5 /* APIEndpoint.swift in Sources */ = {isa = PBXBuildFile; fileRef = 0D93FD752233FAFF006C00F5 /* APIEndpoint.swift */; };
		0D93FD782233FB2E006C00F5 /* APIAdapter.swift in Sources */ = {isa = PBXBuildFile; fileRef = 0D93FD772233FB2E006C00F5 /* APIAdapter.swift */; };
		0D93FD7B2233FB64006C00F5 /* NetworkHelpers.swift in Sources */ = {isa = PBXBuildFile; fileRef = 0D93FD7A2233FB64006C00F5 /* NetworkHelpers.swift */; };
		0D93FD7D2233FB96006C00F5 /* NetworkClientError.swift in Sources */ = {isa = PBXBuildFile; fileRef = 0D93FD7C2233FB96006C00F5 /* NetworkClientError.swift */; };
		0D93FD7F2233FBD0006C00F5 /* APIError.swift in Sources */ = {isa = PBXBuildFile; fileRef = 0D93FD7E2233FBD0006C00F5 /* APIError.swift */; };
		0D93FD842233FE59006C00F5 /* JSONDecoderExtensions.swift in Sources */ = {isa = PBXBuildFile; fileRef = 0D93FD832233FE59006C00F5 /* JSONDecoderExtensions.swift */; };
		0D93FD86223400AB006C00F5 /* Repository.swift in Sources */ = {isa = PBXBuildFile; fileRef = 0D93FD85223400AB006C00F5 /* Repository.swift */; };
		0D93FD88223400E3006C00F5 /* Album.swift in Sources */ = {isa = PBXBuildFile; fileRef = 0D93FD87223400E3006C00F5 /* Album.swift */; };
		0D93FD8A2234015D006C00F5 /* APIClient.swift in Sources */ = {isa = PBXBuildFile; fileRef = 0D93FD892234015D006C00F5 /* APIClient.swift */; };
		0D93FD8C223404F8006C00F5 /* Photo.swift in Sources */ = {isa = PBXBuildFile; fileRef = 0D93FD8B223404F8006C00F5 /* Photo.swift */; };
		0D93FD8E22340596006C00F5 /* MaterializedExtensions.swift in Sources */ = {isa = PBXBuildFile; fileRef = 0D93FD8D22340596006C00F5 /* MaterializedExtensions.swift */; };
		0D93FD9222340675006C00F5 /* AlbumsViewController.swift in Sources */ = {isa = PBXBuildFile; fileRef = 0D93FD9122340675006C00F5 /* AlbumsViewController.swift */; };
		0D93FD9422340681006C00F5 /* AlbumsViewModel.swift in Sources */ = {isa = PBXBuildFile; fileRef = 0D93FD9322340681006C00F5 /* AlbumsViewModel.swift */; };
		0D93FD96223433B0006C00F5 /* BaseTableViewController.swift in Sources */ = {isa = PBXBuildFile; fileRef = 0D93FD95223433B0006C00F5 /* BaseTableViewController.swift */; };
		0D93FD9A223433EA006C00F5 /* BaseComponentsView.swift in Sources */ = {isa = PBXBuildFile; fileRef = 0D93FD99223433EA006C00F5 /* BaseComponentsView.swift */; };
		0D93FD9C2234342E006C00F5 /* EmptyStateView.swift in Sources */ = {isa = PBXBuildFile; fileRef = 0D93FD9B2234342E006C00F5 /* EmptyStateView.swift */; };
		0D93FD9F22343499006C00F5 /* InsetLabel.swift in Sources */ = {isa = PBXBuildFile; fileRef = 0D93FD9E22343499006C00F5 /* InsetLabel.swift */; };
		0D93FDA1223434C8006C00F5 /* Constants.swift in Sources */ = {isa = PBXBuildFile; fileRef = 0D93FDA0223434C8006C00F5 /* Constants.swift */; };
		0D93FDA522343598006C00F5 /* ColorPalette.swift in Sources */ = {isa = PBXBuildFile; fileRef = 0D93FDA422343598006C00F5 /* ColorPalette.swift */; };
		0D93FDA722343679006C00F5 /* StaticallyIdentifiable.swift in Sources */ = {isa = PBXBuildFile; fileRef = 0D93FDA622343679006C00F5 /* StaticallyIdentifiable.swift */; };
		0D93FDAB22346DDA006C00F5 /* AlbumCell.swift in Sources */ = {isa = PBXBuildFile; fileRef = 0D93FDAA22346DDA006C00F5 /* AlbumCell.swift */; };
		0D93FDB3223521E7006C00F5 /* PhotosViewModel.swift in Sources */ = {isa = PBXBuildFile; fileRef = 0D93FDB2223521E7006C00F5 /* PhotosViewModel.swift */; };
		0D93FDB5223523E0006C00F5 /* PhotosViewController.swift in Sources */ = {isa = PBXBuildFile; fileRef = 0D93FDB4223523E0006C00F5 /* PhotosViewController.swift */; };
		0D93FDB722352438006C00F5 /* PhotoCell.swift in Sources */ = {isa = PBXBuildFile; fileRef = 0D93FDB622352438006C00F5 /* PhotoCell.swift */; };
		0D93FDBC22382480006C00F5 /* PhotoDetailViewModel.swift in Sources */ = {isa = PBXBuildFile; fileRef = 0D93FDBB22382480006C00F5 /* PhotoDetailViewModel.swift */; };
		0D93FDBE2238286A006C00F5 /* PhotoDetailViewController.swift in Sources */ = {isa = PBXBuildFile; fileRef = 0D93FDBD2238286A006C00F5 /* PhotoDetailViewController.swift */; };
		0D93FDC0223828AA006C00F5 /* BaseScrollViewController.swift in Sources */ = {isa = PBXBuildFile; fileRef = 0D93FDBF223828AA006C00F5 /* BaseScrollViewController.swift */; };
		0D93FDC22238362D006C00F5 /* PhotoDetailView.swift in Sources */ = {isa = PBXBuildFile; fileRef = 0D93FDC12238362D006C00F5 /* PhotoDetailView.swift */; };
		0DD577582233F1EA00186A78 /* AppDelegate.swift in Sources */ = {isa = PBXBuildFile; fileRef = 0DD577572233F1EA00186A78 /* AppDelegate.swift */; };
		0DD5775F2233F1EB00186A78 /* Assets.xcassets in Resources */ = {isa = PBXBuildFile; fileRef = 0DD5775E2233F1EB00186A78 /* Assets.xcassets */; };
		0DD577622233F1EB00186A78 /* LaunchScreen.storyboard in Resources */ = {isa = PBXBuildFile; fileRef = 0DD577602233F1EB00186A78 /* LaunchScreen.storyboard */; };
		41B11AFBE670B8AA42F90C28 /* Pods_jsonplaceholder_experiment.framework in Frameworks */ = {isa = PBXBuildFile; fileRef = 7B6BC34810AD28F91A9E4A28 /* Pods_jsonplaceholder_experiment.framework */; };
/* End PBXBuildFile section */

/* Begin PBXFileReference section */
		0D93FD552233F5CA006C00F5 /* Coordinator.swift */ = {isa = PBXFileReference; lastKnownFileType = sourcecode.swift; path = Coordinator.swift; sourceTree = "<group>"; };
		0D93FD582233F5FF006C00F5 /* BaseViewController.swift */ = {isa = PBXFileReference; lastKnownFileType = sourcecode.swift; path = BaseViewController.swift; sourceTree = "<group>"; };
		0D93FD612233F69A006C00F5 /* RootViewController.swift */ = {isa = PBXFileReference; lastKnownFileType = sourcecode.swift; path = RootViewController.swift; sourceTree = "<group>"; };
		0D93FD632233F6DF006C00F5 /* RootCoordinator.swift */ = {isa = PBXFileReference; lastKnownFileType = sourcecode.swift; path = RootCoordinator.swift; sourceTree = "<group>"; };
		0D93FD672233F785006C00F5 /* MainNavigationController.swift */ = {isa = PBXFileReference; lastKnownFileType = sourcecode.swift; path = MainNavigationController.swift; sourceTree = "<group>"; };
		0D93FD692233F79C006C00F5 /* MainCoordinator.swift */ = {isa = PBXFileReference; lastKnownFileType = sourcecode.swift; path = MainCoordinator.swift; sourceTree = "<group>"; };
		0D93FD6B2233F7D3006C00F5 /* BaseNavigationController.swift */ = {isa = PBXFileReference; lastKnownFileType = sourcecode.swift; path = BaseNavigationController.swift; sourceTree = "<group>"; };
		0D93FD6F2233FA94006C00F5 /* NetworkClient.swift */ = {isa = PBXFileReference; lastKnownFileType = sourcecode.swift; path = NetworkClient.swift; sourceTree = "<group>"; };
		0D93FD752233FAFF006C00F5 /* APIEndpoint.swift */ = {isa = PBXFileReference; lastKnownFileType = sourcecode.swift; path = APIEndpoint.swift; sourceTree = "<group>"; };
		0D93FD772233FB2E006C00F5 /* APIAdapter.swift */ = {isa = PBXFileReference; lastKnownFileType = sourcecode.swift; path = APIAdapter.swift; sourceTree = "<group>"; };
		0D93FD7A2233FB64006C00F5 /* NetworkHelpers.swift */ = {isa = PBXFileReference; lastKnownFileType = sourcecode.swift; path = NetworkHelpers.swift; sourceTree = "<group>"; };
		0D93FD7C2233FB96006C00F5 /* NetworkClientError.swift */ = {isa = PBXFileReference; lastKnownFileType = sourcecode.swift; path = NetworkClientError.swift; sourceTree = "<group>"; };
		0D93FD7E2233FBD0006C00F5 /* APIError.swift */ = {isa = PBXFileReference; lastKnownFileType = sourcecode.swift; path = APIError.swift; sourceTree = "<group>"; };
		0D93FD832233FE59006C00F5 /* JSONDecoderExtensions.swift */ = {isa = PBXFileReference; lastKnownFileType = sourcecode.swift; path = JSONDecoderExtensions.swift; sourceTree = "<group>"; };
		0D93FD85223400AB006C00F5 /* Repository.swift */ = {isa = PBXFileReference; lastKnownFileType = sourcecode.swift; path = Repository.swift; sourceTree = "<group>"; };
		0D93FD87223400E3006C00F5 /* Album.swift */ = {isa = PBXFileReference; lastKnownFileType = sourcecode.swift; path = Album.swift; sourceTree = "<group>"; };
		0D93FD892234015D006C00F5 /* APIClient.swift */ = {isa = PBXFileReference; lastKnownFileType = sourcecode.swift; path = APIClient.swift; sourceTree = "<group>"; };
		0D93FD8B223404F8006C00F5 /* Photo.swift */ = {isa = PBXFileReference; lastKnownFileType = sourcecode.swift; path = Photo.swift; sourceTree = "<group>"; };
		0D93FD8D22340596006C00F5 /* MaterializedExtensions.swift */ = {isa = PBXFileReference; lastKnownFileType = sourcecode.swift; path = MaterializedExtensions.swift; sourceTree = "<group>"; };
		0D93FD9122340675006C00F5 /* AlbumsViewController.swift */ = {isa = PBXFileReference; lastKnownFileType = sourcecode.swift; path = AlbumsViewController.swift; sourceTree = "<group>"; };
		0D93FD9322340681006C00F5 /* AlbumsViewModel.swift */ = {isa = PBXFileReference; lastKnownFileType = sourcecode.swift; path = AlbumsViewModel.swift; sourceTree = "<group>"; };
		0D93FD95223433B0006C00F5 /* BaseTableViewController.swift */ = {isa = PBXFileReference; lastKnownFileType = sourcecode.swift; path = BaseTableViewController.swift; sourceTree = "<group>"; };
		0D93FD99223433EA006C00F5 /* BaseComponentsView.swift */ = {isa = PBXFileReference; lastKnownFileType = sourcecode.swift; path = BaseComponentsView.swift; sourceTree = "<group>"; };
		0D93FD9B2234342E006C00F5 /* EmptyStateView.swift */ = {isa = PBXFileReference; lastKnownFileType = sourcecode.swift; path = EmptyStateView.swift; sourceTree = "<group>"; };
		0D93FD9E22343499006C00F5 /* InsetLabel.swift */ = {isa = PBXFileReference; lastKnownFileType = sourcecode.swift; path = InsetLabel.swift; sourceTree = "<group>"; };
		0D93FDA0223434C8006C00F5 /* Constants.swift */ = {isa = PBXFileReference; lastKnownFileType = sourcecode.swift; path = Constants.swift; sourceTree = "<group>"; };
		0D93FDA422343598006C00F5 /* ColorPalette.swift */ = {isa = PBXFileReference; lastKnownFileType = sourcecode.swift; path = ColorPalette.swift; sourceTree = "<group>"; };
		0D93FDA622343679006C00F5 /* StaticallyIdentifiable.swift */ = {isa = PBXFileReference; lastKnownFileType = sourcecode.swift; path = StaticallyIdentifiable.swift; sourceTree = "<group>"; };
		0D93FDAA22346DDA006C00F5 /* AlbumCell.swift */ = {isa = PBXFileReference; lastKnownFileType = sourcecode.swift; path = AlbumCell.swift; sourceTree = "<group>"; };
		0D93FDB2223521E7006C00F5 /* PhotosViewModel.swift */ = {isa = PBXFileReference; lastKnownFileType = sourcecode.swift; path = PhotosViewModel.swift; sourceTree = "<group>"; };
		0D93FDB4223523E0006C00F5 /* PhotosViewController.swift */ = {isa = PBXFileReference; lastKnownFileType = sourcecode.swift; path = PhotosViewController.swift; sourceTree = "<group>"; };
		0D93FDB622352438006C00F5 /* PhotoCell.swift */ = {isa = PBXFileReference; lastKnownFileType = sourcecode.swift; path = PhotoCell.swift; sourceTree = "<group>"; };
		0D93FDBB22382480006C00F5 /* PhotoDetailViewModel.swift */ = {isa = PBXFileReference; lastKnownFileType = sourcecode.swift; path = PhotoDetailViewModel.swift; sourceTree = "<group>"; };
		0D93FDBD2238286A006C00F5 /* PhotoDetailViewController.swift */ = {isa = PBXFileReference; lastKnownFileType = sourcecode.swift; path = PhotoDetailViewController.swift; sourceTree = "<group>"; };
		0D93FDBF223828AA006C00F5 /* BaseScrollViewController.swift */ = {isa = PBXFileReference; lastKnownFileType = sourcecode.swift; path = BaseScrollViewController.swift; sourceTree = "<group>"; };
		0D93FDC12238362D006C00F5 /* PhotoDetailView.swift */ = {isa = PBXFileReference; lastKnownFileType = sourcecode.swift; path = PhotoDetailView.swift; sourceTree = "<group>"; };
		0DD577542233F1EA00186A78 /* jsonplaceholder-experiment.app */ = {isa = PBXFileReference; explicitFileType = wrapper.application; includeInIndex = 0; path = "jsonplaceholder-experiment.app"; sourceTree = BUILT_PRODUCTS_DIR; };
		0DD577572233F1EA00186A78 /* AppDelegate.swift */ = {isa = PBXFileReference; lastKnownFileType = sourcecode.swift; path = AppDelegate.swift; sourceTree = "<group>"; };
		0DD5775E2233F1EB00186A78 /* Assets.xcassets */ = {isa = PBXFileReference; lastKnownFileType = folder.assetcatalog; path = Assets.xcassets; sourceTree = "<group>"; };
		0DD577612233F1EB00186A78 /* Base */ = {isa = PBXFileReference; lastKnownFileType = file.storyboard; name = Base; path = Base.lproj/LaunchScreen.storyboard; sourceTree = "<group>"; };
		0DD577632233F1EB00186A78 /* Info.plist */ = {isa = PBXFileReference; lastKnownFileType = text.plist.xml; path = Info.plist; sourceTree = "<group>"; };
		79FED56D15989E35BF6149A9 /* Pods-jsonplaceholder-experiment.debug.xcconfig */ = {isa = PBXFileReference; includeInIndex = 1; lastKnownFileType = text.xcconfig; name = "Pods-jsonplaceholder-experiment.debug.xcconfig"; path = "Target Support Files/Pods-jsonplaceholder-experiment/Pods-jsonplaceholder-experiment.debug.xcconfig"; sourceTree = "<group>"; };
		7B6BC34810AD28F91A9E4A28 /* Pods_jsonplaceholder_experiment.framework */ = {isa = PBXFileReference; explicitFileType = wrapper.framework; includeInIndex = 0; path = Pods_jsonplaceholder_experiment.framework; sourceTree = BUILT_PRODUCTS_DIR; };
		C5E202416B51B6EF922EF2FD /* Pods-jsonplaceholder-experiment.release.xcconfig */ = {isa = PBXFileReference; includeInIndex = 1; lastKnownFileType = text.xcconfig; name = "Pods-jsonplaceholder-experiment.release.xcconfig"; path = "Target Support Files/Pods-jsonplaceholder-experiment/Pods-jsonplaceholder-experiment.release.xcconfig"; sourceTree = "<group>"; };
/* End PBXFileReference section */

/* Begin PBXFrameworksBuildPhase section */
		0DD577512233F1EA00186A78 /* Frameworks */ = {
			isa = PBXFrameworksBuildPhase;
			buildActionMask = 2147483647;
			files = (
				41B11AFBE670B8AA42F90C28 /* Pods_jsonplaceholder_experiment.framework in Frameworks */,
			);
			runOnlyForDeploymentPostprocessing = 0;
		};
/* End PBXFrameworksBuildPhase section */

/* Begin PBXGroup section */
		0D93FD4D2233F2A9006C00F5 /* Delegates */ = {
			isa = PBXGroup;
			children = (
				0DD577572233F1EA00186A78 /* AppDelegate.swift */,
			);
			path = Delegates;
			sourceTree = "<group>";
		};
		0D93FD4E2233F2C7006C00F5 /* Modules */ = {
			isa = PBXGroup;
			children = (
				0D93FD5B2233F62C006C00F5 /* Albums */,
				0D93FD572233F5EF006C00F5 /* Base */,
				0D93FD5E2233F65D006C00F5 /* Main */,
				0D93FD5D2233F657006C00F5 /* PhotoDetail */,
				0D93FD5C2233F650006C00F5 /* Photos */,
				0D93FD5A2233F615006C00F5 /* Root */,
			);
			path = Modules;
			sourceTree = "<group>";
		};
		0D93FD4F2233F2CD006C00F5 /* Models */ = {
			isa = PBXGroup;
			children = (
				0D93FD87223400E3006C00F5 /* Album.swift */,
				0D93FD8B223404F8006C00F5 /* Photo.swift */,
			);
			path = Models;
			sourceTree = "<group>";
		};
		0D93FD502233F2DB006C00F5 /* Protocols */ = {
			isa = PBXGroup;
			children = (
				0D93FD552233F5CA006C00F5 /* Coordinator.swift */,
			);
			path = Protocols;
			sourceTree = "<group>";
		};
		0D93FD512233F2E0006C00F5 /* Resources */ = {
			isa = PBXGroup;
			children = (
				0D93FD542233F302006C00F5 /* Media */,
				0D93FD532233F2ED006C00F5 /* Storyboard */,
			);
			path = Resources;
			sourceTree = "<group>";
		};
		0D93FD522233F2E4006C00F5 /* Support */ = {
			isa = PBXGroup;
			children = (
				0D93FDA0223434C8006C00F5 /* Constants.swift */,
				0DD577632233F1EB00186A78 /* Info.plist */,
			);
			path = Support;
			sourceTree = "<group>";
		};
		0D93FD532233F2ED006C00F5 /* Storyboard */ = {
			isa = PBXGroup;
			children = (
				0DD577602233F1EB00186A78 /* LaunchScreen.storyboard */,
			);
			path = Storyboard;
			sourceTree = "<group>";
		};
		0D93FD542233F302006C00F5 /* Media */ = {
			isa = PBXGroup;
			children = (
				0DD5775E2233F1EB00186A78 /* Assets.xcassets */,
			);
			path = Media;
			sourceTree = "<group>";
		};
		0D93FD572233F5EF006C00F5 /* Base */ = {
			isa = PBXGroup;
			children = (
				0D93FD98223433D8006C00F5 /* Views */,
				0D93FD97223433D2006C00F5 /* Controllers */,
			);
			path = Base;
			sourceTree = "<group>";
		};
		0D93FD5A2233F615006C00F5 /* Root */ = {
			isa = PBXGroup;
			children = (
				0D93FD5F2233F666006C00F5 /* Controller */,
				0D93FD602233F66F006C00F5 /* Coordinator */,
			);
			path = Root;
			sourceTree = "<group>";
		};
		0D93FD5B2233F62C006C00F5 /* Albums */ = {
			isa = PBXGroup;
			children = (
				0D93FD8F22340657006C00F5 /* Controller */,
				0D93FD902234065E006C00F5 /* ViewModel */,
				0D93FDA922346DC7006C00F5 /* Views */,
			);
			path = Albums;
			sourceTree = "<group>";
		};
		0D93FD5C2233F650006C00F5 /* Photos */ = {
			isa = PBXGroup;
			children = (
				0D93FDB0223521B1006C00F5 /* Controller */,
				0D93FDB1223521B8006C00F5 /* ViewModel */,
				0D93FDAF223521AB006C00F5 /* Views */,
			);
			path = Photos;
			sourceTree = "<group>";
		};
		0D93FD5D2233F657006C00F5 /* PhotoDetail */ = {
			isa = PBXGroup;
			children = (
				0D93FDBA22382465006C00F5 /* Controller */,
				0D93FDB92238245C006C00F5 /* ViewModel */,
				0D93FDB822382456006C00F5 /* Views */,
			);
			path = PhotoDetail;
			sourceTree = "<group>";
		};
		0D93FD5E2233F65D006C00F5 /* Main */ = {
			isa = PBXGroup;
			children = (
				0D93FD652233F768006C00F5 /* Controller */,
				0D93FD662233F76D006C00F5 /* Coordinator */,
			);
			path = Main;
			sourceTree = "<group>";
		};
		0D93FD5F2233F666006C00F5 /* Controller */ = {
			isa = PBXGroup;
			children = (
				0D93FD612233F69A006C00F5 /* RootViewController.swift */,
			);
			path = Controller;
			sourceTree = "<group>";
		};
		0D93FD602233F66F006C00F5 /* Coordinator */ = {
			isa = PBXGroup;
			children = (
				0D93FD632233F6DF006C00F5 /* RootCoordinator.swift */,
			);
			path = Coordinator;
			sourceTree = "<group>";
		};
		0D93FD652233F768006C00F5 /* Controller */ = {
			isa = PBXGroup;
			children = (
				0D93FD672233F785006C00F5 /* MainNavigationController.swift */,
			);
			path = Controller;
			sourceTree = "<group>";
		};
		0D93FD662233F76D006C00F5 /* Coordinator */ = {
			isa = PBXGroup;
			children = (
				0D93FD692233F79C006C00F5 /* MainCoordinator.swift */,
			);
			path = Coordinator;
			sourceTree = "<group>";
		};
		0D93FD6D2233FA7E006C00F5 /* Service */ = {
			isa = PBXGroup;
			children = (
				0D93FD6E2233FA87006C00F5 /* Client */,
				0D93FD712233FAAB006C00F5 /* Error */,
				0D93FD732233FAC4006C00F5 /* Helpers */,
				0D93FD722233FAAF006C00F5 /* Protocols */,
				0D93FD742233FACA006C00F5 /* Repository */,
			);
			path = Service;
			sourceTree = "<group>";
		};
		0D93FD6E2233FA87006C00F5 /* Client */ = {
			isa = PBXGroup;
			children = (
				0D93FD892234015D006C00F5 /* APIClient.swift */,
				0D93FD6F2233FA94006C00F5 /* NetworkClient.swift */,
			);
			path = Client;
			sourceTree = "<group>";
		};
		0D93FD712233FAAB006C00F5 /* Error */ = {
			isa = PBXGroup;
			children = (
				0D93FD7E2233FBD0006C00F5 /* APIError.swift */,
				0D93FD7C2233FB96006C00F5 /* NetworkClientError.swift */,
			);
			path = Error;
			sourceTree = "<group>";
		};
		0D93FD722233FAAF006C00F5 /* Protocols */ = {
			isa = PBXGroup;
			children = (
				0D93FD772233FB2E006C00F5 /* APIAdapter.swift */,
				0D93FD752233FAFF006C00F5 /* APIEndpoint.swift */,
			);
			path = Protocols;
			sourceTree = "<group>";
		};
		0D93FD732233FAC4006C00F5 /* Helpers */ = {
			isa = PBXGroup;
			children = (
				0D93FD7A2233FB64006C00F5 /* NetworkHelpers.swift */,
			);
			path = Helpers;
			sourceTree = "<group>";
		};
		0D93FD742233FACA006C00F5 /* Repository */ = {
			isa = PBXGroup;
			children = (
				0D93FD85223400AB006C00F5 /* Repository.swift */,
			);
			path = Repository;
			sourceTree = "<group>";
		};
		0D93FD802233FC43006C00F5 /* Extensions */ = {
			isa = PBXGroup;
			children = (
				0D93FD832233FE59006C00F5 /* JSONDecoderExtensions.swift */,
				0D93FD8D22340596006C00F5 /* MaterializedExtensions.swift */,
				0D93FDA622343679006C00F5 /* StaticallyIdentifiable.swift */,
			);
			path = Extensions;
			sourceTree = "<group>";
		};
		0D93FD8F22340657006C00F5 /* Controller */ = {
			isa = PBXGroup;
			children = (
				0D93FD9122340675006C00F5 /* AlbumsViewController.swift */,
			);
			path = Controller;
			sourceTree = "<group>";
		};
		0D93FD902234065E006C00F5 /* ViewModel */ = {
			isa = PBXGroup;
			children = (
				0D93FD9322340681006C00F5 /* AlbumsViewModel.swift */,
			);
			path = ViewModel;
			sourceTree = "<group>";
		};
		0D93FD97223433D2006C00F5 /* Controllers */ = {
			isa = PBXGroup;
			children = (
				0D93FD6B2233F7D3006C00F5 /* BaseNavigationController.swift */,
				0D93FD95223433B0006C00F5 /* BaseTableViewController.swift */,
				0D93FD582233F5FF006C00F5 /* BaseViewController.swift */,
				0D93FDBF223828AA006C00F5 /* BaseScrollViewController.swift */,
			);
			path = Controllers;
			sourceTree = "<group>";
		};
		0D93FD98223433D8006C00F5 /* Views */ = {
			isa = PBXGroup;
			children = (
				0D93FD99223433EA006C00F5 /* BaseComponentsView.swift */,
			);
			path = Views;
			sourceTree = "<group>";
		};
		0D93FD9D22343487006C00F5 /* Components */ = {
			isa = PBXGroup;
			children = (
				0D93FD9B2234342E006C00F5 /* EmptyStateView.swift */,
				0D93FD9E22343499006C00F5 /* InsetLabel.swift */,
			);
			path = Components;
			sourceTree = "<group>";
		};
		0D93FDA222343584006C00F5 /* Style */ = {
			isa = PBXGroup;
			children = (
				0D93FDA32234358C006C00F5 /* ColorPalette */,
			);
			path = Style;
			sourceTree = "<group>";
		};
		0D93FDA32234358C006C00F5 /* ColorPalette */ = {
			isa = PBXGroup;
			children = (
				0D93FDA422343598006C00F5 /* ColorPalette.swift */,
			);
			path = ColorPalette;
			sourceTree = "<group>";
		};
		0D93FDA922346DC7006C00F5 /* Views */ = {
			isa = PBXGroup;
			children = (
				0D93FDAA22346DDA006C00F5 /* AlbumCell.swift */,
			);
			path = Views;
			sourceTree = "<group>";
		};
		0D93FDAF223521AB006C00F5 /* Views */ = {
			isa = PBXGroup;
			children = (
				0D93FDB622352438006C00F5 /* PhotoCell.swift */,
			);
			path = Views;
			sourceTree = "<group>";
		};
		0D93FDB0223521B1006C00F5 /* Controller */ = {
			isa = PBXGroup;
			children = (
				0D93FDB4223523E0006C00F5 /* PhotosViewController.swift */,
			);
			path = Controller;
			sourceTree = "<group>";
		};
		0D93FDB1223521B8006C00F5 /* ViewModel */ = {
			isa = PBXGroup;
			children = (
				0D93FDB2223521E7006C00F5 /* PhotosViewModel.swift */,
			);
			path = ViewModel;
			sourceTree = "<group>";
		};
		0D93FDB822382456006C00F5 /* Views */ = {
			isa = PBXGroup;
			children = (
				0D93FDC12238362D006C00F5 /* PhotoDetailView.swift */,
			);
			path = Views;
			sourceTree = "<group>";
		};
		0D93FDB92238245C006C00F5 /* ViewModel */ = {
			isa = PBXGroup;
			children = (
				0D93FDBB22382480006C00F5 /* PhotoDetailViewModel.swift */,
			);
			path = ViewModel;
			sourceTree = "<group>";
		};
		0D93FDBA22382465006C00F5 /* Controller */ = {
			isa = PBXGroup;
			children = (
				0D93FDBD2238286A006C00F5 /* PhotoDetailViewController.swift */,
			);
			path = Controller;
			sourceTree = "<group>";
		};
		0DD5774B2233F1EA00186A78 = {
			isa = PBXGroup;
			children = (
				46DD629989CB742FDE391E37 /* Frameworks */,
				0DD577562233F1EA00186A78 /* jsonplaceholder-experiment */,
				4D2FD3CDA947C0D59DA91997 /* Pods */,
				0DD577552233F1EA00186A78 /* Products */,
			);
			sourceTree = "<group>";
		};
		0DD577552233F1EA00186A78 /* Products */ = {
			isa = PBXGroup;
			children = (
				0DD577542233F1EA00186A78 /* jsonplaceholder-experiment.app */,
			);
			name = Products;
			sourceTree = "<group>";
		};
		0DD577562233F1EA00186A78 /* jsonplaceholder-experiment */ = {
			isa = PBXGroup;
			children = (
				0D93FD9D22343487006C00F5 /* Components */,
				0D93FD4D2233F2A9006C00F5 /* Delegates */,
				0D93FD802233FC43006C00F5 /* Extensions */,
				0D93FD4F2233F2CD006C00F5 /* Models */,
				0D93FD4E2233F2C7006C00F5 /* Modules */,
				0D93FD502233F2DB006C00F5 /* Protocols */,
				0D93FD512233F2E0006C00F5 /* Resources */,
				0D93FD6D2233FA7E006C00F5 /* Service */,
				0D93FDA222343584006C00F5 /* Style */,
				0D93FD522233F2E4006C00F5 /* Support */,
			);
			path = "jsonplaceholder-experiment";
			sourceTree = "<group>";
		};
		46DD629989CB742FDE391E37 /* Frameworks */ = {
			isa = PBXGroup;
			children = (
				7B6BC34810AD28F91A9E4A28 /* Pods_jsonplaceholder_experiment.framework */,
			);
			name = Frameworks;
			sourceTree = "<group>";
		};
		4D2FD3CDA947C0D59DA91997 /* Pods */ = {
			isa = PBXGroup;
			children = (
				79FED56D15989E35BF6149A9 /* Pods-jsonplaceholder-experiment.debug.xcconfig */,
				C5E202416B51B6EF922EF2FD /* Pods-jsonplaceholder-experiment.release.xcconfig */,
			);
			path = Pods;
			sourceTree = "<group>";
		};
/* End PBXGroup section */

/* Begin PBXNativeTarget section */
		0DD577532233F1EA00186A78 /* jsonplaceholder-experiment */ = {
			isa = PBXNativeTarget;
			buildConfigurationList = 0DD577662233F1EB00186A78 /* Build configuration list for PBXNativeTarget "jsonplaceholder-experiment" */;
			buildPhases = (
				43014F4F4DB97E6DE235B321 /* [CP] Check Pods Manifest.lock */,
				0DD577502233F1EA00186A78 /* Sources */,
				0DD577512233F1EA00186A78 /* Frameworks */,
				0DD577522233F1EA00186A78 /* Resources */,
				991161FF6B2DC81AEC6454BB /* [CP] Embed Pods Frameworks */,
			);
			buildRules = (
			);
			dependencies = (
			);
			name = "jsonplaceholder-experiment";
			productName = "jsonplaceholder-experiment";
			productReference = 0DD577542233F1EA00186A78 /* jsonplaceholder-experiment.app */;
			productType = "com.apple.product-type.application";
		};
/* End PBXNativeTarget section */

/* Begin PBXProject section */
		0DD5774C2233F1EA00186A78 /* Project object */ = {
			isa = PBXProject;
			attributes = {
				LastSwiftUpdateCheck = 1010;
				LastUpgradeCheck = 1010;
				ORGANIZATIONNAME = mertahmetgunes;
				TargetAttributes = {
					0DD577532233F1EA00186A78 = {
						CreatedOnToolsVersion = 10.1;
					};
				};
			};
			buildConfigurationList = 0DD5774F2233F1EA00186A78 /* Build configuration list for PBXProject "jsonplaceholder-experiment" */;
			compatibilityVersion = "Xcode 9.3";
			developmentRegion = en;
			hasScannedForEncodings = 0;
			knownRegions = (
				en,
				Base,
			);
			mainGroup = 0DD5774B2233F1EA00186A78;
			productRefGroup = 0DD577552233F1EA00186A78 /* Products */;
			projectDirPath = "";
			projectRoot = "";
			targets = (
				0DD577532233F1EA00186A78 /* jsonplaceholder-experiment */,
			);
		};
/* End PBXProject section */

/* Begin PBXResourcesBuildPhase section */
		0DD577522233F1EA00186A78 /* Resources */ = {
			isa = PBXResourcesBuildPhase;
			buildActionMask = 2147483647;
			files = (
				0DD577622233F1EB00186A78 /* LaunchScreen.storyboard in Resources */,
				0DD5775F2233F1EB00186A78 /* Assets.xcassets in Resources */,
			);
			runOnlyForDeploymentPostprocessing = 0;
		};
/* End PBXResourcesBuildPhase section */

/* Begin PBXShellScriptBuildPhase section */
		43014F4F4DB97E6DE235B321 /* [CP] Check Pods Manifest.lock */ = {
			isa = PBXShellScriptBuildPhase;
			buildActionMask = 2147483647;
			files = (
			);
			inputFileListPaths = (
			);
			inputPaths = (
				"${PODS_PODFILE_DIR_PATH}/Podfile.lock",
				"${PODS_ROOT}/Manifest.lock",
			);
			name = "[CP] Check Pods Manifest.lock";
			outputFileListPaths = (
			);
			outputPaths = (
				"$(DERIVED_FILE_DIR)/Pods-jsonplaceholder-experiment-checkManifestLockResult.txt",
			);
			runOnlyForDeploymentPostprocessing = 0;
			shellPath = /bin/sh;
			shellScript = "diff \"${PODS_PODFILE_DIR_PATH}/Podfile.lock\" \"${PODS_ROOT}/Manifest.lock\" > /dev/null\nif [ $? != 0 ] ; then\n    # print error to STDERR\n    echo \"error: The sandbox is not in sync with the Podfile.lock. Run 'pod install' or update your CocoaPods installation.\" >&2\n    exit 1\nfi\n# This output is used by Xcode 'outputs' to avoid re-running this script phase.\necho \"SUCCESS\" > \"${SCRIPT_OUTPUT_FILE_0}\"\n";
			showEnvVarsInLog = 0;
		};
		991161FF6B2DC81AEC6454BB /* [CP] Embed Pods Frameworks */ = {
			isa = PBXShellScriptBuildPhase;
			buildActionMask = 2147483647;
			files = (
			);
			inputFileListPaths = (
			);
			inputPaths = (
				"${PODS_ROOT}/Target Support Files/Pods-jsonplaceholder-experiment/Pods-jsonplaceholder-experiment-frameworks.sh",
				"${BUILT_PRODUCTS_DIR}/Kingfisher/Kingfisher.framework",
				"${BUILT_PRODUCTS_DIR}/RxAtomic/RxAtomic.framework",
				"${BUILT_PRODUCTS_DIR}/RxCocoa/RxCocoa.framework",
				"${BUILT_PRODUCTS_DIR}/RxSwift/RxSwift.framework",
				"${BUILT_PRODUCTS_DIR}/SnapKit/SnapKit.framework",
			);
			name = "[CP] Embed Pods Frameworks";
			outputFileListPaths = (
			);
			outputPaths = (
				"${TARGET_BUILD_DIR}/${FRAMEWORKS_FOLDER_PATH}/Kingfisher.framework",
				"${TARGET_BUILD_DIR}/${FRAMEWORKS_FOLDER_PATH}/RxAtomic.framework",
				"${TARGET_BUILD_DIR}/${FRAMEWORKS_FOLDER_PATH}/RxCocoa.framework",
				"${TARGET_BUILD_DIR}/${FRAMEWORKS_FOLDER_PATH}/RxSwift.framework",
				"${TARGET_BUILD_DIR}/${FRAMEWORKS_FOLDER_PATH}/SnapKit.framework",
			);
			runOnlyForDeploymentPostprocessing = 0;
			shellPath = /bin/sh;
			shellScript = "\"${PODS_ROOT}/Target Support Files/Pods-jsonplaceholder-experiment/Pods-jsonplaceholder-experiment-frameworks.sh\"\n";
			showEnvVarsInLog = 0;
		};
/* End PBXShellScriptBuildPhase section */

/* Begin PBXSourcesBuildPhase section */
		0DD577502233F1EA00186A78 /* Sources */ = {
			isa = PBXSourcesBuildPhase;
			buildActionMask = 2147483647;
			files = (
				0D93FD7B2233FB64006C00F5 /* NetworkHelpers.swift in Sources */,
				0D93FD842233FE59006C00F5 /* JSONDecoderExtensions.swift in Sources */,
				0D93FD9422340681006C00F5 /* AlbumsViewModel.swift in Sources */,
				0D93FDBE2238286A006C00F5 /* PhotoDetailViewController.swift in Sources */,
				0D93FD6C2233F7D3006C00F5 /* BaseNavigationController.swift in Sources */,
				0D93FD88223400E3006C00F5 /* Album.swift in Sources */,
				0D93FD562233F5CA006C00F5 /* Coordinator.swift in Sources */,
				0D93FD6A2233F79C006C00F5 /* MainCoordinator.swift in Sources */,
				0D93FDA522343598006C00F5 /* ColorPalette.swift in Sources */,
				0D93FD9A223433EA006C00F5 /* BaseComponentsView.swift in Sources */,
				0DD577582233F1EA00186A78 /* AppDelegate.swift in Sources */,
				0D93FD782233FB2E006C00F5 /* APIAdapter.swift in Sources */,
				0D93FDB3223521E7006C00F5 /* PhotosViewModel.swift in Sources */,
				0D93FD642233F6DF006C00F5 /* RootCoordinator.swift in Sources */,
				0D93FD702233FA94006C00F5 /* NetworkClient.swift in Sources */,
				0D93FDC22238362D006C00F5 /* PhotoDetailView.swift in Sources */,
				0D93FD9C2234342E006C00F5 /* EmptyStateView.swift in Sources */,
				0D93FD96223433B0006C00F5 /* BaseTableViewController.swift in Sources */,
				0D93FDBC22382480006C00F5 /* PhotoDetailViewModel.swift in Sources */,
				0D93FD682233F785006C00F5 /* MainNavigationController.swift in Sources */,
				0D93FDB5223523E0006C00F5 /* PhotosViewController.swift in Sources */,
				0D93FD622233F69A006C00F5 /* RootViewController.swift in Sources */,
				0D93FDAB22346DDA006C00F5 /* AlbumCell.swift in Sources */,
				0D93FD8C223404F8006C00F5 /* Photo.swift in Sources */,
				0D93FD86223400AB006C00F5 /* Repository.swift in Sources */,
				0D93FDA722343679006C00F5 /* StaticallyIdentifiable.swift in Sources */,
				0D93FD9222340675006C00F5 /* AlbumsViewController.swift in Sources */,
				0D93FD8E22340596006C00F5 /* MaterializedExtensions.swift in Sources */,
				0D93FD7D2233FB96006C00F5 /* NetworkClientError.swift in Sources */,
				0D93FD592233F5FF006C00F5 /* BaseViewController.swift in Sources */,
				0D93FD9F22343499006C00F5 /* InsetLabel.swift in Sources */,
				0D93FDC0223828AA006C00F5 /* BaseScrollViewController.swift in Sources */,
				0D93FD762233FAFF006C00F5 /* APIEndpoint.swift in Sources */,
				0D93FD7F2233FBD0006C00F5 /* APIError.swift in Sources */,
				0D93FD8A2234015D006C00F5 /* APIClient.swift in Sources */,
				0D93FDB722352438006C00F5 /* PhotoCell.swift in Sources */,
				0D93FDA1223434C8006C00F5 /* Constants.swift in Sources */,
			);
			runOnlyForDeploymentPostprocessing = 0;
		};
/* End PBXSourcesBuildPhase section */

/* Begin PBXVariantGroup section */
		0DD577602233F1EB00186A78 /* LaunchScreen.storyboard */ = {
			isa = PBXVariantGroup;
			children = (
				0DD577612233F1EB00186A78 /* Base */,
			);
			name = LaunchScreen.storyboard;
			sourceTree = "<group>";
		};
/* End PBXVariantGroup section */

/* Begin XCBuildConfiguration section */
		0DD577642233F1EB00186A78 /* Debug */ = {
			isa = XCBuildConfiguration;
			buildSettings = {
				ALWAYS_SEARCH_USER_PATHS = NO;
				CLANG_ANALYZER_NONNULL = YES;
				CLANG_ANALYZER_NUMBER_OBJECT_CONVERSION = YES_AGGRESSIVE;
				CLANG_CXX_LANGUAGE_STANDARD = "gnu++14";
				CLANG_CXX_LIBRARY = "libc++";
				CLANG_ENABLE_MODULES = YES;
				CLANG_ENABLE_OBJC_ARC = YES;
				CLANG_ENABLE_OBJC_WEAK = YES;
				CLANG_WARN_BLOCK_CAPTURE_AUTORELEASING = YES;
				CLANG_WARN_BOOL_CONVERSION = YES;
				CLANG_WARN_COMMA = YES;
				CLANG_WARN_CONSTANT_CONVERSION = YES;
				CLANG_WARN_DEPRECATED_OBJC_IMPLEMENTATIONS = YES;
				CLANG_WARN_DIRECT_OBJC_ISA_USAGE = YES_ERROR;
				CLANG_WARN_DOCUMENTATION_COMMENTS = YES;
				CLANG_WARN_EMPTY_BODY = YES;
				CLANG_WARN_ENUM_CONVERSION = YES;
				CLANG_WARN_INFINITE_RECURSION = YES;
				CLANG_WARN_INT_CONVERSION = YES;
				CLANG_WARN_NON_LITERAL_NULL_CONVERSION = YES;
				CLANG_WARN_OBJC_IMPLICIT_RETAIN_SELF = YES;
				CLANG_WARN_OBJC_LITERAL_CONVERSION = YES;
				CLANG_WARN_OBJC_ROOT_CLASS = YES_ERROR;
				CLANG_WARN_RANGE_LOOP_ANALYSIS = YES;
				CLANG_WARN_STRICT_PROTOTYPES = YES;
				CLANG_WARN_SUSPICIOUS_MOVE = YES;
				CLANG_WARN_UNGUARDED_AVAILABILITY = YES_AGGRESSIVE;
				CLANG_WARN_UNREACHABLE_CODE = YES;
				CLANG_WARN__DUPLICATE_METHOD_MATCH = YES;
				CODE_SIGN_IDENTITY = "iPhone Developer";
				COPY_PHASE_STRIP = NO;
				DEBUG_INFORMATION_FORMAT = dwarf;
				ENABLE_STRICT_OBJC_MSGSEND = YES;
				ENABLE_TESTABILITY = YES;
				GCC_C_LANGUAGE_STANDARD = gnu11;
				GCC_DYNAMIC_NO_PIC = NO;
				GCC_NO_COMMON_BLOCKS = YES;
				GCC_OPTIMIZATION_LEVEL = 0;
				GCC_PREPROCESSOR_DEFINITIONS = (
					"DEBUG=1",
					"$(inherited)",
				);
				GCC_WARN_64_TO_32_BIT_CONVERSION = YES;
				GCC_WARN_ABOUT_RETURN_TYPE = YES_ERROR;
				GCC_WARN_UNDECLARED_SELECTOR = YES;
				GCC_WARN_UNINITIALIZED_AUTOS = YES_AGGRESSIVE;
				GCC_WARN_UNUSED_FUNCTION = YES;
				GCC_WARN_UNUSED_VARIABLE = YES;
				IPHONEOS_DEPLOYMENT_TARGET = 12.1;
				MTL_ENABLE_DEBUG_INFO = INCLUDE_SOURCE;
				MTL_FAST_MATH = YES;
				ONLY_ACTIVE_ARCH = YES;
				SDKROOT = iphoneos;
				SWIFT_ACTIVE_COMPILATION_CONDITIONS = DEBUG;
				SWIFT_OPTIMIZATION_LEVEL = "-Onone";
			};
			name = Debug;
		};
		0DD577652233F1EB00186A78 /* Release */ = {
			isa = XCBuildConfiguration;
			buildSettings = {
				ALWAYS_SEARCH_USER_PATHS = NO;
				CLANG_ANALYZER_NONNULL = YES;
				CLANG_ANALYZER_NUMBER_OBJECT_CONVERSION = YES_AGGRESSIVE;
				CLANG_CXX_LANGUAGE_STANDARD = "gnu++14";
				CLANG_CXX_LIBRARY = "libc++";
				CLANG_ENABLE_MODULES = YES;
				CLANG_ENABLE_OBJC_ARC = YES;
				CLANG_ENABLE_OBJC_WEAK = YES;
				CLANG_WARN_BLOCK_CAPTURE_AUTORELEASING = YES;
				CLANG_WARN_BOOL_CONVERSION = YES;
				CLANG_WARN_COMMA = YES;
				CLANG_WARN_CONSTANT_CONVERSION = YES;
				CLANG_WARN_DEPRECATED_OBJC_IMPLEMENTATIONS = YES;
				CLANG_WARN_DIRECT_OBJC_ISA_USAGE = YES_ERROR;
				CLANG_WARN_DOCUMENTATION_COMMENTS = YES;
				CLANG_WARN_EMPTY_BODY = YES;
				CLANG_WARN_ENUM_CONVERSION = YES;
				CLANG_WARN_INFINITE_RECURSION = YES;
				CLANG_WARN_INT_CONVERSION = YES;
				CLANG_WARN_NON_LITERAL_NULL_CONVERSION = YES;
				CLANG_WARN_OBJC_IMPLICIT_RETAIN_SELF = YES;
				CLANG_WARN_OBJC_LITERAL_CONVERSION = YES;
				CLANG_WARN_OBJC_ROOT_CLASS = YES_ERROR;
				CLANG_WARN_RANGE_LOOP_ANALYSIS = YES;
				CLANG_WARN_STRICT_PROTOTYPES = YES;
				CLANG_WARN_SUSPICIOUS_MOVE = YES;
				CLANG_WARN_UNGUARDED_AVAILABILITY = YES_AGGRESSIVE;
				CLANG_WARN_UNREACHABLE_CODE = YES;
				CLANG_WARN__DUPLICATE_METHOD_MATCH = YES;
				CODE_SIGN_IDENTITY = "iPhone Developer";
				COPY_PHASE_STRIP = NO;
				DEBUG_INFORMATION_FORMAT = "dwarf-with-dsym";
				ENABLE_NS_ASSERTIONS = NO;
				ENABLE_STRICT_OBJC_MSGSEND = YES;
				GCC_C_LANGUAGE_STANDARD = gnu11;
				GCC_NO_COMMON_BLOCKS = YES;
				GCC_WARN_64_TO_32_BIT_CONVERSION = YES;
				GCC_WARN_ABOUT_RETURN_TYPE = YES_ERROR;
				GCC_WARN_UNDECLARED_SELECTOR = YES;
				GCC_WARN_UNINITIALIZED_AUTOS = YES_AGGRESSIVE;
				GCC_WARN_UNUSED_FUNCTION = YES;
				GCC_WARN_UNUSED_VARIABLE = YES;
				IPHONEOS_DEPLOYMENT_TARGET = 12.1;
				MTL_ENABLE_DEBUG_INFO = NO;
				MTL_FAST_MATH = YES;
				SDKROOT = iphoneos;
				SWIFT_COMPILATION_MODE = wholemodule;
				SWIFT_OPTIMIZATION_LEVEL = "-O";
				VALIDATE_PRODUCT = YES;
			};
			name = Release;
		};
		0DD577672233F1EB00186A78 /* Debug */ = {
			isa = XCBuildConfiguration;
			baseConfigurationReference = 79FED56D15989E35BF6149A9 /* Pods-jsonplaceholder-experiment.debug.xcconfig */;
			buildSettings = {
				ASSETCATALOG_COMPILER_APPICON_NAME = AppIcon;
				CODE_SIGN_STYLE = Automatic;
				DEVELOPMENT_TEAM = E6K2WVN974;
				INFOPLIST_FILE = "$(SRCROOT)/jsonplaceholder-experiment/Support/Info.plist";
				IPHONEOS_DEPLOYMENT_TARGET = 11.0;
				LD_RUNPATH_SEARCH_PATHS = (
					"$(inherited)",
					"@executable_path/Frameworks",
				);
				OTHER_SWIFT_FLAGS = "$(inherited) -D COCOAPODS -DDEBUG";
				PRODUCT_BUNDLE_IDENTIFIER = "com.mertahmetgunes.jsonplaceholder-experiment";
				PRODUCT_NAME = "$(TARGET_NAME)";
				SWIFT_VERSION = 4.2;
				TARGETED_DEVICE_FAMILY = 1;
			};
			name = Debug;
		};
		0DD577682233F1EB00186A78 /* Release */ = {
			isa = XCBuildConfiguration;
			baseConfigurationReference = C5E202416B51B6EF922EF2FD /* Pods-jsonplaceholder-experiment.release.xcconfig */;
			buildSettings = {
				ASSETCATALOG_COMPILER_APPICON_NAME = AppIcon;
				CODE_SIGN_STYLE = Automatic;
				DEVELOPMENT_TEAM = E6K2WVN974;
				INFOPLIST_FILE = "$(SRCROOT)/jsonplaceholder-experiment/Support/Info.plist";
				IPHONEOS_DEPLOYMENT_TARGET = 11.0;
				LD_RUNPATH_SEARCH_PATHS = (
					"$(inherited)",
					"@executable_path/Frameworks",
				);
				OTHER_SWIFT_FLAGS = "$(inherited) -D COCOAPODS -DRELEASE";
				PRODUCT_BUNDLE_IDENTIFIER = "com.mertahmetgunes.jsonplaceholder-experiment";
				PRODUCT_NAME = "$(TARGET_NAME)";
				SWIFT_VERSION = 4.2;
				TARGETED_DEVICE_FAMILY = 1;
			};
			name = Release;
		};
/* End XCBuildConfiguration section */

/* Begin XCConfigurationList section */
		0DD5774F2233F1EA00186A78 /* Build configuration list for PBXProject "jsonplaceholder-experiment" */ = {
			isa = XCConfigurationList;
			buildConfigurations = (
				0DD577642233F1EB00186A78 /* Debug */,
				0DD577652233F1EB00186A78 /* Release */,
			);
			defaultConfigurationIsVisible = 0;
			defaultConfigurationName = Release;
		};
		0DD577662233F1EB00186A78 /* Build configuration list for PBXNativeTarget "jsonplaceholder-experiment" */ = {
			isa = XCConfigurationList;
			buildConfigurations = (
				0DD577672233F1EB00186A78 /* Debug */,
				0DD577682233F1EB00186A78 /* Release */,
			);
			defaultConfigurationIsVisible = 0;
			defaultConfigurationName = Release;
		};
/* End XCConfigurationList section */
	};
	rootObject = 0DD5774C2233F1EA00186A78 /* Project object */;
}
